
Microsoft Visual Studio Solution File, Format Version 12.00
# Visual Studio 15
VisualStudioVersion = 15.0.28307.329
MinimumVisualStudioVersion = 10.0.40219.1
Project("{FAE04EC0-301F-11D3-BF4B-00C04F79EFBC}") = "ColorQueue", "ColorQueue\ColorQueue.csproj", "{C322E413-FE14-43B0-97C2-1CA36CFC3B2C}"
EndProject
Global
	GlobalSection(SolutionConfigurationPlatforms) = preSolution
		Debug|Any CPU = Debug|Any CPU
		Release|Any CPU = Release|Any CPU
	EndGlobalSection
	GlobalSection(ProjectConfigurationPlatforms) = postSolution
		{C322E413-FE14-43B0-97C2-1CA36CFC3B2C}.Debug|Any CPU.ActiveCfg = Debug|Any CPU
		{C322E413-FE14-43B0-97C2-1CA36CFC3B2C}.Debug|Any CPU.Build.0 = Debug|Any CPU
		{C322E413-FE14-43B0-97C2-1CA36CFC3B2C}.Release|Any CPU.ActiveCfg = Release|Any CPU
		{C322E413-FE14-43B0-97C2-1CA36CFC3B2C}.Release|Any CPU.Build.0 = Release|Any CPU
	EndGlobalSection
	GlobalSection(SolutionProperties) = preSolution
		HideSolutionNode = FALSE
	EndGlobalSection
	GlobalSection(ExtensibilityGlobals) = postSolution
		SolutionGuid = {CC10DBD8-3633-439D-A0FE-1FB1DDB0CFC4}
	EndGlobalSection
EndGlobal
